
Microsoft Visual Studio Solution File, Format Version 12.00
# Visual Studio Version 17
VisualStudioVersion = 17.9.34622.214
MinimumVisualStudioVersion = 10.0.40219.1
Project("{8BC9CEB8-8B4A-11D0-8D11-00A0C91BC942}") = "BE sys", "BE sys.vcxproj", "{B444940B-300C-48A4-B11C-DFB6D5D596B4}"
EndProject
Project("{8BC9CEB8-8B4A-11D0-8D11-00A0C91BC942}") = "usermode", "..\usermode\usermode.vcxproj", "{7CCCD8A3-EF92-4BE4-9A3E-3D66DD65DAA0}"
EndProject
Global
	GlobalSection(SolutionConfigurationPlatforms) = preSolution
		Debug|ARM64 = Debug|ARM64
		Debug|x64 = Debug|x64
		Release|ARM64 = Release|ARM64
		Release|x64 = Release|x64
	EndGlobalSection
	GlobalSection(ProjectConfigurationPlatforms) = postSolution
		{B444940B-300C-48A4-B11C-DFB6D5D596B4}.Debug|ARM64.ActiveCfg = Debug|ARM64
		{B444940B-300C-48A4-B11C-DFB6D5D596B4}.Debug|ARM64.Build.0 = Debug|ARM64
		{B444940B-300C-48A4-B11C-DFB6D5D596B4}.Debug|ARM64.Deploy.0 = Debug|ARM64
		{B444940B-300C-48A4-B11C-DFB6D5D596B4}.Debug|x64.ActiveCfg = Debug|x64
		{B444940B-300C-48A4-B11C-DFB6D5D596B4}.Debug|x64.Build.0 = Debug|x64
		{B444940B-300C-48A4-B11C-DFB6D5D596B4}.Debug|x64.Deploy.0 = Debug|x64
		{B444940B-300C-48A4-B11C-DFB6D5D596B4}.Release|ARM64.ActiveCfg = Release|ARM64
		{B444940B-300C-48A4-B11C-DFB6D5D596B4}.Release|ARM64.Build.0 = Release|ARM64
		{B444940B-300C-48A4-B11C-DFB6D5D596B4}.Release|ARM64.Deploy.0 = Release|ARM64
		{B444940B-300C-48A4-B11C-DFB6D5D596B4}.Release|x64.ActiveCfg = Release|x64
		{B444940B-300C-48A4-B11C-DFB6D5D596B4}.Release|x64.Build.0 = Release|x64
		{B444940B-300C-48A4-B11C-DFB6D5D596B4}.Release|x64.Deploy.0 = Release|x64
		{7CCCD8A3-EF92-4BE4-9A3E-3D66DD65DAA0}.Debug|ARM64.ActiveCfg = Debug|x64
		{7CCCD8A3-EF92-4BE4-9A3E-3D66DD65DAA0}.Debug|ARM64.Build.0 = Debug|x64
		{7CCCD8A3-EF92-4BE4-9A3E-3D66DD65DAA0}.Debug|x64.ActiveCfg = Debug|x64
		{7CCCD8A3-EF92-4BE4-9A3E-3D66DD65DAA0}.Debug|x64.Build.0 = Debug|x64
		{7CCCD8A3-EF92-4BE4-9A3E-3D66DD65DAA0}.Release|ARM64.ActiveCfg = Release|x64
		{7CCCD8A3-EF92-4BE4-9A3E-3D66DD65DAA0}.Release|ARM64.Build.0 = Release|x64
		{7CCCD8A3-EF92-4BE4-9A3E-3D66DD65DAA0}.Release|x64.ActiveCfg = Release|x64
		{7CCCD8A3-EF92-4BE4-9A3E-3D66DD65DAA0}.Release|x64.Build.0 = Release|x64
	EndGlobalSection
	GlobalSection(SolutionProperties) = preSolution
		HideSolutionNode = FALSE
	EndGlobalSection
	GlobalSection(ExtensibilityGlobals) = postSolution
		SolutionGuid = {2CA269F9-56D5-4538-8DFC-20FCD84236F8}
	EndGlobalSection
EndGlobal
